
Microsoft Visual Studio Solution File, Format Version 12.00
# Visual Studio Version 16
VisualStudioVersion = 16.0.34601.136
MinimumVisualStudioVersion = 10.0.40219.1
Project("{FAE04EC0-301F-11D3-BF4B-00C04F79EFBC}") = "MyFinances", "MyFinances\MyFinances.csproj", "{9BEF0CC1-0F34-4377-B3B0-76253ED0ABF1}"
EndProject
Global
	GlobalSection(SolutionConfigurationPlatforms) = preSolution
		Debug|Any CPU = Debug|Any CPU
		Release|Any CPU = Release|Any CPU
	EndGlobalSection
	GlobalSection(ProjectConfigurationPlatforms) = postSolution
		{9BEF0CC1-0F34-4377-B3B0-76253ED0ABF1}.Debug|Any CPU.ActiveCfg = Debug|Any CPU
		{9BEF0CC1-0F34-4377-B3B0-76253ED0ABF1}.Debug|Any CPU.Build.0 = Debug|Any CPU
		{9BEF0CC1-0F34-4377-B3B0-76253ED0ABF1}.Release|Any CPU.ActiveCfg = Release|Any CPU
		{9BEF0CC1-0F34-4377-B3B0-76253ED0ABF1}.Release|Any CPU.Build.0 = Release|Any CPU
	EndGlobalSection
	GlobalSection(SolutionProperties) = preSolution
		HideSolutionNode = FALSE
	EndGlobalSection
	GlobalSection(ExtensibilityGlobals) = postSolution
		SolutionGuid = {010997E9-3489-4238-8B49-6247AD85860F}
	EndGlobalSection
EndGlobal
